{
  "name": "file-transfer-station",
  "version": "1.0.0",
  "lockfileVersion": 3,
  "requires": true,
  "packages": {
    "": {
      "name": "file-transfer-station",
      "version": "1.0.0",
      "license": "Apache-2.0",
      "devDependencies": {
        "@types/node": "^20.5.0",
        "utools-api-types": "^4.0.0"
      }
    },
    "node_modules/@types/node": {
      "version": "20.5.0",
      "resolved": "https://registry.npmmirror.com/@types/node/-/node-20.5.0.tgz",
      "integrity": "sha512-Mgq7eCtoTjT89FqNoTzzXg2XvCi5VMhRV6+I2aYanc6kQCBImeNaAYRs/DyoVqk1YEUJK5gN9VO7HRIdz4Wo3Q==",
      "dev": true
    },
    "node_modules/utools-api-types": {
      "version": "4.0.0",
      "resolved": "https://registry.npmmirror.com/utools-api-types/-/utools-api-types-4.0.0.tgz",
      "integrity": "sha512-YFY5jTDBzYdWV3CwkOf2pzbEcw3YLHvCJws+rejND1IWdWgWkXLP600hTUlMB5ordfSb4KiUkpcK8ReerHif0g==",
      "dev": true
    }
  }
}
